
Microsoft Visual Studio Solution File, Format Version 12.00
# Visual Studio Version 17
VisualStudioVersion = 17.9.34723.18
MinimumVisualStudioVersion = 10.0.40219.1
Project("{FAE04EC0-301F-11D3-BF4B-00C04F79EFBC}") = "AddressBookApp", "AddressBookApp.csproj", "{C7511800-5A62-4EDC-8FF9-ACEE59A44625}"
EndProject
Global
	GlobalSection(SolutionConfigurationPlatforms) = preSolution
		Debug|Any CPU = Debug|Any CPU
		Release|Any CPU = Release|Any CPU
	EndGlobalSection
	GlobalSection(ProjectConfigurationPlatforms) = postSolution
		{C7511800-5A62-4EDC-8FF9-ACEE59A44625}.Debug|Any CPU.ActiveCfg = Debug|Any CPU
		{C7511800-5A62-4EDC-8FF9-ACEE59A44625}.Debug|Any CPU.Build.0 = Debug|Any CPU
		{C7511800-5A62-4EDC-8FF9-ACEE59A44625}.Release|Any CPU.ActiveCfg = Release|Any CPU
		{C7511800-5A62-4EDC-8FF9-ACEE59A44625}.Release|Any CPU.Build.0 = Release|Any CPU
	EndGlobalSection
	GlobalSection(SolutionProperties) = preSolution
		HideSolutionNode = FALSE
	EndGlobalSection
	GlobalSection(ExtensibilityGlobals) = postSolution
		SolutionGuid = {D022842B-08E8-4AA7-BB05-515B94D205C8}
	EndGlobalSection
EndGlobal
